
Microsoft Visual Studio Solution File, Format Version 12.00
# Visual Studio Version 17
VisualStudioVersion = 17.14.36414.22 d17.14
MinimumVisualStudioVersion = 10.0.40219.1
Project("{FAE04EC0-301F-11D3-BF4B-00C04F79EFBC}") = "cs_Inheritance", "cs_Inheritance\cs_Inheritance.csproj", "{66290A49-766A-4A4C-AFB8-CBA2E550BA5D}"
EndProject
Global
	GlobalSection(SolutionConfigurationPlatforms) = preSolution
		Debug|Any CPU = Debug|Any CPU
		Release|Any CPU = Release|Any CPU
	EndGlobalSection
	GlobalSection(ProjectConfigurationPlatforms) = postSolution
		{66290A49-766A-4A4C-AFB8-CBA2E550BA5D}.Debug|Any CPU.ActiveCfg = Debug|Any CPU
		{66290A49-766A-4A4C-AFB8-CBA2E550BA5D}.Debug|Any CPU.Build.0 = Debug|Any CPU
		{66290A49-766A-4A4C-AFB8-CBA2E550BA5D}.Release|Any CPU.ActiveCfg = Release|Any CPU
		{66290A49-766A-4A4C-AFB8-CBA2E550BA5D}.Release|Any CPU.Build.0 = Release|Any CPU
	EndGlobalSection
	GlobalSection(SolutionProperties) = preSolution
		HideSolutionNode = FALSE
	EndGlobalSection
	GlobalSection(ExtensibilityGlobals) = postSolution
		SolutionGuid = {1724A90A-8AD0-491B-B61A-04260B1487C6}
	EndGlobalSection
EndGlobal
